
Microsoft Visual Studio Solution File, Format Version 12.00
# Visual Studio Version 16
VisualStudioVersion = 16.0.30503.244
MinimumVisualStudioVersion = 10.0.40219.1
Project("{FAE04EC0-301F-11D3-BF4B-00C04F79EFBC}") = "20201117VotingPangLong", "20201117VotingPangLong\20201117VotingPangLong.csproj", "{C9AC1A6C-434B-48F4-AC08-BA81F46EBEF3}"
EndProject
Global
	GlobalSection(SolutionConfigurationPlatforms) = preSolution
		Debug|Any CPU = Debug|Any CPU
		Release|Any CPU = Release|Any CPU
	EndGlobalSection
	GlobalSection(ProjectConfigurationPlatforms) = postSolution
		{C9AC1A6C-434B-48F4-AC08-BA81F46EBEF3}.Debug|Any CPU.ActiveCfg = Debug|Any CPU
		{C9AC1A6C-434B-48F4-AC08-BA81F46EBEF3}.Debug|Any CPU.Build.0 = Debug|Any CPU
		{C9AC1A6C-434B-48F4-AC08-BA81F46EBEF3}.Release|Any CPU.ActiveCfg = Release|Any CPU
		{C9AC1A6C-434B-48F4-AC08-BA81F46EBEF3}.Release|Any CPU.Build.0 = Release|Any CPU
	EndGlobalSection
	GlobalSection(SolutionProperties) = preSolution
		HideSolutionNode = FALSE
	EndGlobalSection
	GlobalSection(ExtensibilityGlobals) = postSolution
		SolutionGuid = {3A1AA12A-5EE3-4182-8DAA-EDAFBF6368C9}
	EndGlobalSection
EndGlobal
